// !$*UTF8*$!
{
	archiveVersion = 1;
	classes = {
	};
	objectVersion = 46;
	objects = {

/* Begin PBXBuildFile section */
		38325E731F1427CD00C2950E /* AppDelegate.swift in Sources */ = {isa = PBXBuildFile; fileRef = 38325E721F1427CD00C2950E /* AppDelegate.swift */; };
		38325E781F1427CD00C2950E /* Main.storyboard in Resources */ = {isa = PBXBuildFile; fileRef = 38325E761F1427CD00C2950E /* Main.storyboard */; };
		38325E7A1F1427CD00C2950E /* Assets.xcassets in Resources */ = {isa = PBXBuildFile; fileRef = 38325E791F1427CD00C2950E /* Assets.xcassets */; };
		38325E7D1F1427CD00C2950E /* LaunchScreen.storyboard in Resources */ = {isa = PBXBuildFile; fileRef = 38325E7B1F1427CD00C2950E /* LaunchScreen.storyboard */; };
		38325E851F142FD800C2950E /* CafeListCollectionViewController.swift in Sources */ = {isa = PBXBuildFile; fileRef = 38325E841F142FD800C2950E /* CafeListCollectionViewController.swift */; };
		38325E8A1F14461800C2950E /* CafeCell.swift in Sources */ = {isa = PBXBuildFile; fileRef = 38325E891F14461800C2950E /* CafeCell.swift */; };
/* End PBXBuildFile section */

/* Begin PBXFileReference section */
		38325E6F1F1427CD00C2950E /* Cup'N'Spoon.app */ = {isa = PBXFileReference; explicitFileType = wrapper.application; includeInIndex = 0; path = "Cup'N'Spoon.app"; sourceTree = BUILT_PRODUCTS_DIR; };
		38325E721F1427CD00C2950E /* AppDelegate.swift */ = {isa = PBXFileReference; lastKnownFileType = sourcecode.swift; path = AppDelegate.swift; sourceTree = "<group>"; };
		38325E771F1427CD00C2950E /* Base */ = {isa = PBXFileReference; lastKnownFileType = file.storyboard; name = Base; path = Base.lproj/Main.storyboard; sourceTree = "<group>"; };
		38325E791F1427CD00C2950E /* Assets.xcassets */ = {isa = PBXFileReference; lastKnownFileType = folder.assetcatalog; path = Assets.xcassets; sourceTree = "<group>"; };
		38325E7C1F1427CD00C2950E /* Base */ = {isa = PBXFileReference; lastKnownFileType = file.storyboard; name = Base; path = Base.lproj/LaunchScreen.storyboard; sourceTree = "<group>"; };
		38325E7E1F1427CD00C2950E /* Info.plist */ = {isa = PBXFileReference; lastKnownFileType = text.plist.xml; path = Info.plist; sourceTree = "<group>"; };
		38325E841F142FD800C2950E /* CafeListCollectionViewController.swift */ = {isa = PBXFileReference; fileEncoding = 4; lastKnownFileType = sourcecode.swift; name = CafeListCollectionViewController.swift; path = Controllers/CafeListCollectionViewController.swift; sourceTree = "<group>"; };
		38325E891F14461800C2950E /* CafeCell.swift */ = {isa = PBXFileReference; fileEncoding = 4; lastKnownFileType = sourcecode.swift; path = CafeCell.swift; sourceTree = "<group>"; };
/* End PBXFileReference section */

/* Begin PBXFrameworksBuildPhase section */
		38325E6C1F1427CD00C2950E /* Frameworks */ = {
			isa = PBXFrameworksBuildPhase;
			buildActionMask = 2147483647;
			files = (
			);
			runOnlyForDeploymentPostprocessing = 0;
		};
/* End PBXFrameworksBuildPhase section */

/* Begin PBXGroup section */
		38325E661F1427CD00C2950E = {
			isa = PBXGroup;
			children = (
				38325E711F1427CD00C2950E /* Cup'N'Spoon */,
				38325E701F1427CD00C2950E /* Products */,
			);
			sourceTree = "<group>";
		};
		38325E701F1427CD00C2950E /* Products */ = {
			isa = PBXGroup;
			children = (
				38325E6F1F1427CD00C2950E /* Cup'N'Spoon.app */,
			);
			name = Products;
			sourceTree = "<group>";
		};
		38325E711F1427CD00C2950E /* Cup'N'Spoon */ = {
			isa = PBXGroup;
			children = (
				38325E881F14460400C2950E /* View */,
				38325E871F142FF900C2950E /* Controllers */,
				38325E721F1427CD00C2950E /* AppDelegate.swift */,
				38325E761F1427CD00C2950E /* Main.storyboard */,
				38325E791F1427CD00C2950E /* Assets.xcassets */,
				38325E7B1F1427CD00C2950E /* LaunchScreen.storyboard */,
				38325E7E1F1427CD00C2950E /* Info.plist */,
			);
			path = "Cup'N'Spoon";
			sourceTree = "<group>";
		};
		38325E871F142FF900C2950E /* Controllers */ = {
			isa = PBXGroup;
			children = (
				38325E841F142FD800C2950E /* CafeListCollectionViewController.swift */,
			);
			name = Controllers;
			sourceTree = "<group>";
		};
		38325E881F14460400C2950E /* View */ = {
			isa = PBXGroup;
			children = (
				38325E891F14461800C2950E /* CafeCell.swift */,
			);
			name = View;
			sourceTree = "<group>";
		};
/* End PBXGroup section */

/* Begin PBXNativeTarget section */
		38325E6E1F1427CD00C2950E /* Cup'N'Spoon */ = {
			isa = PBXNativeTarget;
			buildConfigurationList = 38325E811F1427CD00C2950E /* Build configuration list for PBXNativeTarget "Cup'N'Spoon" */;
			buildPhases = (
				38325E6B1F1427CD00C2950E /* Sources */,
				38325E6C1F1427CD00C2950E /* Frameworks */,
				38325E6D1F1427CD00C2950E /* Resources */,
			);
			buildRules = (
			);
			dependencies = (
			);
			name = "Cup'N'Spoon";
			productName = "Cup'N'Spoon";
			productReference = 38325E6F1F1427CD00C2950E /* Cup'N'Spoon.app */;
			productType = "com.apple.product-type.application";
		};
/* End PBXNativeTarget section */

/* Begin PBXProject section */
		38325E671F1427CD00C2950E /* Project object */ = {
			isa = PBXProject;
			attributes = {
				LastSwiftUpdateCheck = 0830;
				LastUpgradeCheck = 0830;
				ORGANIZATIONNAME = "Raymond Diamonds";
				TargetAttributes = {
					38325E6E1F1427CD00C2950E = {
						CreatedOnToolsVersion = 8.3.3;
						DevelopmentTeam = CPJ4P77Z36;
						ProvisioningStyle = Automatic;
					};
				};
			};
			buildConfigurationList = 38325E6A1F1427CD00C2950E /* Build configuration list for PBXProject "Cup'N'Spoon" */;
			compatibilityVersion = "Xcode 3.2";
			developmentRegion = English;
			hasScannedForEncodings = 0;
			knownRegions = (
				en,
				Base,
			);
			mainGroup = 38325E661F1427CD00C2950E;
			productRefGroup = 38325E701F1427CD00C2950E /* Products */;
			projectDirPath = "";
			projectRoot = "";
			targets = (
				38325E6E1F1427CD00C2950E /* Cup'N'Spoon */,
			);
		};
/* End PBXProject section */

/* Begin PBXResourcesBuildPhase section */
		38325E6D1F1427CD00C2950E /* Resources */ = {
			isa = PBXResourcesBuildPhase;
			buildActionMask = 2147483647;
			files = (
				38325E7D1F1427CD00C2950E /* LaunchScreen.storyboard in Resources */,
				38325E7A1F1427CD00C2950E /* Assets.xcassets in Resources */,
				38325E781F1427CD00C2950E /* Main.storyboard in Resources */,
			);
			runOnlyForDeploymentPostprocessing = 0;
		};
/* End PBXResourcesBuildPhase section */

/* Begin PBXSourcesBuildPhase section */
		38325E6B1F1427CD00C2950E /* Sources */ = {
			isa = PBXSourcesBuildPhase;
			buildActionMask = 2147483647;
			files = (
				38325E851F142FD800C2950E /* CafeListCollectionViewController.swift in Sources */,
				38325E8A1F14461800C2950E /* CafeCell.swift in Sources */,
				38325E731F1427CD00C2950E /* AppDelegate.swift in Sources */,
			);
			runOnlyForDeploymentPostprocessing = 0;
		};
/* End PBXSourcesBuildPhase section */

/* Begin PBXVariantGroup section */
		38325E761F1427CD00C2950E /* Main.storyboard */ = {
			isa = PBXVariantGroup;
			children = (
				38325E771F1427CD00C2950E /* Base */,
			);
			name = Main.storyboard;
			sourceTree = "<group>";
		};
		38325E7B1F1427CD00C2950E /* LaunchScreen.storyboard */ = {
			isa = PBXVariantGroup;
			children = (
				38325E7C1F1427CD00C2950E /* Base */,
			);
			name = LaunchScreen.storyboard;
			sourceTree = "<group>";
		};
/* End PBXVariantGroup section */

/* Begin XCBuildConfiguration section */
		38325E7F1F1427CD00C2950E /* Debug */ = {
			isa = XCBuildConfiguration;
			buildSettings = {
				ALWAYS_SEARCH_USER_PATHS = NO;
				CLANG_ANALYZER_NONNULL = YES;
				CLANG_ANALYZER_NUMBER_OBJECT_CONVERSION = YES_AGGRESSIVE;
				CLANG_CXX_LANGUAGE_STANDARD = "gnu++0x";
				CLANG_CXX_LIBRARY = "libc++";
				CLANG_ENABLE_MODULES = YES;
				CLANG_ENABLE_OBJC_ARC = YES;
				CLANG_WARN_BOOL_CONVERSION = YES;
				CLANG_WARN_CONSTANT_CONVERSION = YES;
				CLANG_WARN_DIRECT_OBJC_ISA_USAGE = YES_ERROR;
				CLANG_WARN_DOCUMENTATION_COMMENTS = YES;
				CLANG_WARN_EMPTY_BODY = YES;
				CLANG_WARN_ENUM_CONVERSION = YES;
				CLANG_WARN_INFINITE_RECURSION = YES;
				CLANG_WARN_INT_CONVERSION = YES;
				CLANG_WARN_OBJC_ROOT_CLASS = YES_ERROR;
				CLANG_WARN_SUSPICIOUS_MOVE = YES;
				CLANG_WARN_UNREACHABLE_CODE = YES;
				CLANG_WARN__DUPLICATE_METHOD_MATCH = YES;
				"CODE_SIGN_IDENTITY[sdk=iphoneos*]" = "iPhone Developer";
				COPY_PHASE_STRIP = NO;
				DEBUG_INFORMATION_FORMAT = dwarf;
				ENABLE_STRICT_OBJC_MSGSEND = YES;
				ENABLE_TESTABILITY = YES;
				GCC_C_LANGUAGE_STANDARD = gnu99;
				GCC_DYNAMIC_NO_PIC = NO;
				GCC_NO_COMMON_BLOCKS = YES;
				GCC_OPTIMIZATION_LEVEL = 0;
				GCC_PREPROCESSOR_DEFINITIONS = (
					"DEBUG=1",
					"$(inherited)",
				);
				GCC_WARN_64_TO_32_BIT_CONVERSION = YES;
				GCC_WARN_ABOUT_RETURN_TYPE = YES_ERROR;
				GCC_WARN_UNDECLARED_SELECTOR = YES;
				GCC_WARN_UNINITIALIZED_AUTOS = YES_AGGRESSIVE;
				GCC_WARN_UNUSED_FUNCTION = YES;
				GCC_WARN_UNUSED_VARIABLE = YES;
				IPHONEOS_DEPLOYMENT_TARGET = 10.3;
				MTL_ENABLE_DEBUG_INFO = YES;
				ONLY_ACTIVE_ARCH = YES;
				SDKROOT = iphoneos;
				SWIFT_ACTIVE_COMPILATION_CONDITIONS = DEBUG;
				SWIFT_OPTIMIZATION_LEVEL = "-Onone";
			};
			name = Debug;
		};
		38325E801F1427CD00C2950E /* Release */ = {
			isa = XCBuildConfiguration;
			buildSettings = {
				ALWAYS_SEARCH_USER_PATHS = NO;
				CLANG_ANALYZER_NONNULL = YES;
				CLANG_ANALYZER_NUMBER_OBJECT_CONVERSION = YES_AGGRESSIVE;
				CLANG_CXX_LANGUAGE_STANDARD = "gnu++0x";
				CLANG_CXX_LIBRARY = "libc++";
				CLANG_ENABLE_MODULES = YES;
				CLANG_ENABLE_OBJC_ARC = YES;
				CLANG_WARN_BOOL_CONVERSION = YES;
				CLANG_WARN_CONSTANT_CONVERSION = YES;
				CLANG_WARN_DIRECT_OBJC_ISA_USAGE = YES_ERROR;
				CLANG_WARN_DOCUMENTATION_COMMENTS = YES;
				CLANG_WARN_EMPTY_BODY = YES;
				CLANG_WARN_ENUM_CONVERSION = YES;
				CLANG_WARN_INFINITE_RECURSION = YES;
				CLANG_WARN_INT_CONVERSION = YES;
				CLANG_WARN_OBJC_ROOT_CLASS = YES_ERROR;
				CLANG_WARN_SUSPICIOUS_MOVE = YES;
				CLANG_WARN_UNREACHABLE_CODE = YES;
				CLANG_WARN__DUPLICATE_METHOD_MATCH = YES;
				"CODE_SIGN_IDENTITY[sdk=iphoneos*]" = "iPhone Developer";
				COPY_PHASE_STRIP = NO;
				DEBUG_INFORMATION_FORMAT = "dwarf-with-dsym";
				ENABLE_NS_ASSERTIONS = NO;
				ENABLE_STRICT_OBJC_MSGSEND = YES;
				GCC_C_LANGUAGE_STANDARD = gnu99;
				GCC_NO_COMMON_BLOCKS = YES;
				GCC_WARN_64_TO_32_BIT_CONVERSION = YES;
				GCC_WARN_ABOUT_RETURN_TYPE = YES_ERROR;
				GCC_WARN_UNDECLARED_SELECTOR = YES;
				GCC_WARN_UNINITIALIZED_AUTOS = YES_AGGRESSIVE;
				GCC_WARN_UNUSED_FUNCTION = YES;
				GCC_WARN_UNUSED_VARIABLE = YES;
				IPHONEOS_DEPLOYMENT_TARGET = 10.3;
				MTL_ENABLE_DEBUG_INFO = NO;
				SDKROOT = iphoneos;
				SWIFT_OPTIMIZATION_LEVEL = "-Owholemodule";
				VALIDATE_PRODUCT = YES;
			};
			name = Release;
		};
		38325E821F1427CD00C2950E /* Debug */ = {
			isa = XCBuildConfiguration;
			buildSettings = {
				ASSETCATALOG_COMPILER_APPICON_NAME = AppIcon;
				DEVELOPMENT_TEAM = CPJ4P77Z36;
				INFOPLIST_FILE = "Cup'N'Spoon/Info.plist";
				LD_RUNPATH_SEARCH_PATHS = "$(inherited) @executable_path/Frameworks";
				PRODUCT_BUNDLE_IDENTIFIER = "Raymond-Diamonds.Cup-N-Spoon";
				PRODUCT_NAME = "$(TARGET_NAME)";
				SWIFT_VERSION = 3.0;
			};
			name = Debug;
		};
		38325E831F1427CD00C2950E /* Release */ = {
			isa = XCBuildConfiguration;
			buildSettings = {
				ASSETCATALOG_COMPILER_APPICON_NAME = AppIcon;
				DEVELOPMENT_TEAM = CPJ4P77Z36;
				INFOPLIST_FILE = "Cup'N'Spoon/Info.plist";
				LD_RUNPATH_SEARCH_PATHS = "$(inherited) @executable_path/Frameworks";
				PRODUCT_BUNDLE_IDENTIFIER = "Raymond-Diamonds.Cup-N-Spoon";
				PRODUCT_NAME = "$(TARGET_NAME)";
				SWIFT_VERSION = 3.0;
			};
			name = Release;
		};
/* End XCBuildConfiguration section */

/* Begin XCConfigurationList section */
		38325E6A1F1427CD00C2950E /* Build configuration list for PBXProject "Cup'N'Spoon" */ = {
			isa = XCConfigurationList;
			buildConfigurations = (
				38325E7F1F1427CD00C2950E /* Debug */,
				38325E801F1427CD00C2950E /* Release */,
			);
			defaultConfigurationIsVisible = 0;
			defaultConfigurationName = Release;
		};
		38325E811F1427CD00C2950E /* Build configuration list for PBXNativeTarget "Cup'N'Spoon" */ = {
			isa = XCConfigurationList;
			buildConfigurations = (
				38325E821F1427CD00C2950E /* Debug */,
				38325E831F1427CD00C2950E /* Release */,
			);
			defaultConfigurationIsVisible = 0;
			defaultConfigurationName = Release;
		};
/* End XCConfigurationList section */
	};
	rootObject = 38325E671F1427CD00C2950E /* Project object */;
}
